// !$*UTF8*$!
{
	archiveVersion = 1;
	classes = {
	};
	objectVersion = 55;
	objects = {

/* Begin PBXBuildFile section */
		8779FA8A286AC0E3008DF793 /* 03.png in Resources */ = {isa = PBXBuildFile; fileRef = 8779FA84286AC0E3008DF793 /* 03.png */; };
		8779FA8B286AC0E3008DF793 /* 05.png in Resources */ = {isa = PBXBuildFile; fileRef = 8779FA85286AC0E3008DF793 /* 05.png */; };
		8779FA8C286AC0E3008DF793 /* 06.png in Resources */ = {isa = PBXBuildFile; fileRef = 8779FA86286AC0E3008DF793 /* 06.png */; };
		8779FA8D286AC0E3008DF793 /* 02.png in Resources */ = {isa = PBXBuildFile; fileRef = 8779FA87286AC0E3008DF793 /* 02.png */; };
		8779FA8E286AC0E3008DF793 /* 01.png in Resources */ = {isa = PBXBuildFile; fileRef = 8779FA88286AC0E3008DF793 /* 01.png */; };
		8779FA8F286AC0E3008DF793 /* 04.png in Resources */ = {isa = PBXBuildFile; fileRef = 8779FA89286AC0E3008DF793 /* 04.png */; };
		87807069286AAF69009DC0F9 /* AppDelegate.swift in Sources */ = {isa = PBXBuildFile; fileRef = 87807068286AAF69009DC0F9 /* AppDelegate.swift */; };
		8780706B286AAF69009DC0F9 /* SceneDelegate.swift in Sources */ = {isa = PBXBuildFile; fileRef = 8780706A286AAF69009DC0F9 /* SceneDelegate.swift */; };
		8780706D286AAF69009DC0F9 /* ViewController.swift in Sources */ = {isa = PBXBuildFile; fileRef = 8780706C286AAF69009DC0F9 /* ViewController.swift */; };
		87807070286AAF69009DC0F9 /* Main.storyboard in Resources */ = {isa = PBXBuildFile; fileRef = 8780706E286AAF69009DC0F9 /* Main.storyboard */; };
		87807072286AAF6B009DC0F9 /* Assets.xcassets in Resources */ = {isa = PBXBuildFile; fileRef = 87807071286AAF6B009DC0F9 /* Assets.xcassets */; };
		87807075286AAF6B009DC0F9 /* LaunchScreen.storyboard in Resources */ = {isa = PBXBuildFile; fileRef = 87807073286AAF6B009DC0F9 /* LaunchScreen.storyboard */; };
		8780707F286AB07A009DC0F9 /* ImageViewController.swift in Sources */ = {isa = PBXBuildFile; fileRef = 8780707C286AB07A009DC0F9 /* ImageViewController.swift */; };
		87807080286AB07A009DC0F9 /* lamp_on.png in Resources */ = {isa = PBXBuildFile; fileRef = 8780707D286AB07A009DC0F9 /* lamp_on.png */; };
		87807081286AB07A009DC0F9 /* lamp_off.png in Resources */ = {isa = PBXBuildFile; fileRef = 8780707E286AB07A009DC0F9 /* lamp_off.png */; };
		87807085286ABF24009DC0F9 /* PageController.swift in Sources */ = {isa = PBXBuildFile; fileRef = 87807084286ABF24009DC0F9 /* PageController.swift */; };
/* End PBXBuildFile section */

/* Begin PBXFileReference section */
		8779FA84286AC0E3008DF793 /* 03.png */ = {isa = PBXFileReference; lastKnownFileType = image.png; path = 03.png; sourceTree = "<group>"; };
		8779FA85286AC0E3008DF793 /* 05.png */ = {isa = PBXFileReference; lastKnownFileType = image.png; path = 05.png; sourceTree = "<group>"; };
		8779FA86286AC0E3008DF793 /* 06.png */ = {isa = PBXFileReference; lastKnownFileType = image.png; path = 06.png; sourceTree = "<group>"; };
		8779FA87286AC0E3008DF793 /* 02.png */ = {isa = PBXFileReference; lastKnownFileType = image.png; path = 02.png; sourceTree = "<group>"; };
		8779FA88286AC0E3008DF793 /* 01.png */ = {isa = PBXFileReference; lastKnownFileType = image.png; path = 01.png; sourceTree = "<group>"; };
		8779FA89286AC0E3008DF793 /* 04.png */ = {isa = PBXFileReference; lastKnownFileType = image.png; path = 04.png; sourceTree = "<group>"; };
		87807065286AAF69009DC0F9 /* Tab.app */ = {isa = PBXFileReference; explicitFileType = wrapper.application; includeInIndex = 0; path = Tab.app; sourceTree = BUILT_PRODUCTS_DIR; };
		87807068286AAF69009DC0F9 /* AppDelegate.swift */ = {isa = PBXFileReference; lastKnownFileType = sourcecode.swift; path = AppDelegate.swift; sourceTree = "<group>"; };
		8780706A286AAF69009DC0F9 /* SceneDelegate.swift */ = {isa = PBXFileReference; lastKnownFileType = sourcecode.swift; path = SceneDelegate.swift; sourceTree = "<group>"; };
		8780706C286AAF69009DC0F9 /* ViewController.swift */ = {isa = PBXFileReference; lastKnownFileType = sourcecode.swift; path = ViewController.swift; sourceTree = "<group>"; };
		8780706F286AAF69009DC0F9 /* Base */ = {isa = PBXFileReference; lastKnownFileType = file.storyboard; name = Base; path = Base.lproj/Main.storyboard; sourceTree = "<group>"; };
		87807071286AAF6B009DC0F9 /* Assets.xcassets */ = {isa = PBXFileReference; lastKnownFileType = folder.assetcatalog; path = Assets.xcassets; sourceTree = "<group>"; };
		87807074286AAF6B009DC0F9 /* Base */ = {isa = PBXFileReference; lastKnownFileType = file.storyboard; name = Base; path = Base.lproj/LaunchScreen.storyboard; sourceTree = "<group>"; };
		87807076286AAF6B009DC0F9 /* Info.plist */ = {isa = PBXFileReference; lastKnownFileType = text.plist.xml; path = Info.plist; sourceTree = "<group>"; };
		8780707C286AB07A009DC0F9 /* ImageViewController.swift */ = {isa = PBXFileReference; fileEncoding = 4; lastKnownFileType = sourcecode.swift; name = ImageViewController.swift; path = ../../../day2/ImageView2/ImageView2/ImageViewController.swift; sourceTree = "<group>"; };
		8780707D286AB07A009DC0F9 /* lamp_on.png */ = {isa = PBXFileReference; lastKnownFileType = image.png; path = lamp_on.png; sourceTree = "<group>"; };
		8780707E286AB07A009DC0F9 /* lamp_off.png */ = {isa = PBXFileReference; lastKnownFileType = image.png; path = lamp_off.png; sourceTree = "<group>"; };
		87807084286ABF24009DC0F9 /* PageController.swift */ = {isa = PBXFileReference; lastKnownFileType = sourcecode.swift; path = PageController.swift; sourceTree = "<group>"; };
/* End PBXFileReference section */

/* Begin PBXFrameworksBuildPhase section */
		87807062286AAF69009DC0F9 /* Frameworks */ = {
			isa = PBXFrameworksBuildPhase;
			buildActionMask = 2147483647;
			files = (
			);
			runOnlyForDeploymentPostprocessing = 0;
		};
/* End PBXFrameworksBuildPhase section */

/* Begin PBXGroup section */
		8780705C286AAF69009DC0F9 = {
			isa = PBXGroup;
			children = (
				87807067286AAF69009DC0F9 /* Tab */,
				87807066286AAF69009DC0F9 /* Products */,
			);
			sourceTree = "<group>";
		};
		87807066286AAF69009DC0F9 /* Products */ = {
			isa = PBXGroup;
			children = (
				87807065286AAF69009DC0F9 /* Tab.app */,
			);
			name = Products;
			sourceTree = "<group>";
		};
		87807067286AAF69009DC0F9 /* Tab */ = {
			isa = PBXGroup;
			children = (
				8779FA88286AC0E3008DF793 /* 01.png */,
				8779FA87286AC0E3008DF793 /* 02.png */,
				8779FA84286AC0E3008DF793 /* 03.png */,
				8779FA89286AC0E3008DF793 /* 04.png */,
				8779FA85286AC0E3008DF793 /* 05.png */,
				8779FA86286AC0E3008DF793 /* 06.png */,
				8780707E286AB07A009DC0F9 /* lamp_off.png */,
				8780707D286AB07A009DC0F9 /* lamp_on.png */,
				8780707C286AB07A009DC0F9 /* ImageViewController.swift */,
				87807068286AAF69009DC0F9 /* AppDelegate.swift */,
				8780706A286AAF69009DC0F9 /* SceneDelegate.swift */,
				8780706C286AAF69009DC0F9 /* ViewController.swift */,
				8780706E286AAF69009DC0F9 /* Main.storyboard */,
				87807071286AAF6B009DC0F9 /* Assets.xcassets */,
				87807073286AAF6B009DC0F9 /* LaunchScreen.storyboard */,
				87807076286AAF6B009DC0F9 /* Info.plist */,
				87807084286ABF24009DC0F9 /* PageController.swift */,
			);
			path = Tab;
			sourceTree = "<group>";
		};
/* End PBXGroup section */

/* Begin PBXNativeTarget section */
		87807064286AAF69009DC0F9 /* Tab */ = {
			isa = PBXNativeTarget;
			buildConfigurationList = 87807079286AAF6B009DC0F9 /* Build configuration list for PBXNativeTarget "Tab" */;
			buildPhases = (
				87807061286AAF69009DC0F9 /* Sources */,
				87807062286AAF69009DC0F9 /* Frameworks */,
				87807063286AAF69009DC0F9 /* Resources */,
			);
			buildRules = (
			);
			dependencies = (
			);
			name = Tab;
			productName = Tab;
			productReference = 87807065286AAF69009DC0F9 /* Tab.app */;
			productType = "com.apple.product-type.application";
		};
/* End PBXNativeTarget section */

/* Begin PBXProject section */
		8780705D286AAF69009DC0F9 /* Project object */ = {
			isa = PBXProject;
			attributes = {
				BuildIndependentTargetsInParallel = 1;
				LastSwiftUpdateCheck = 1340;
				LastUpgradeCheck = 1340;
				TargetAttributes = {
					87807064286AAF69009DC0F9 = {
						CreatedOnToolsVersion = 13.4.1;
					};
				};
			};
			buildConfigurationList = 87807060286AAF69009DC0F9 /* Build configuration list for PBXProject "Tab" */;
			compatibilityVersion = "Xcode 13.0";
			developmentRegion = en;
			hasScannedForEncodings = 0;
			knownRegions = (
				en,
				Base,
			);
			mainGroup = 8780705C286AAF69009DC0F9;
			productRefGroup = 87807066286AAF69009DC0F9 /* Products */;
			projectDirPath = "";
			projectRoot = "";
			targets = (
				87807064286AAF69009DC0F9 /* Tab */,
			);
		};
/* End PBXProject section */

/* Begin PBXResourcesBuildPhase section */
		87807063286AAF69009DC0F9 /* Resources */ = {
			isa = PBXResourcesBuildPhase;
			buildActionMask = 2147483647;
			files = (
				8779FA8E286AC0E3008DF793 /* 01.png in Resources */,
				87807080286AB07A009DC0F9 /* lamp_on.png in Resources */,
				8779FA8B286AC0E3008DF793 /* 05.png in Resources */,
				8779FA8F286AC0E3008DF793 /* 04.png in Resources */,
				87807075286AAF6B009DC0F9 /* LaunchScreen.storyboard in Resources */,
				87807081286AB07A009DC0F9 /* lamp_off.png in Resources */,
				87807072286AAF6B009DC0F9 /* Assets.xcassets in Resources */,
				8779FA8A286AC0E3008DF793 /* 03.png in Resources */,
				87807070286AAF69009DC0F9 /* Main.storyboard in Resources */,
				8779FA8C286AC0E3008DF793 /* 06.png in Resources */,
				8779FA8D286AC0E3008DF793 /* 02.png in Resources */,
			);
			runOnlyForDeploymentPostprocessing = 0;
		};
/* End PBXResourcesBuildPhase section */

/* Begin PBXSourcesBuildPhase section */
		87807061286AAF69009DC0F9 /* Sources */ = {
			isa = PBXSourcesBuildPhase;
			buildActionMask = 2147483647;
			files = (
				8780706D286AAF69009DC0F9 /* ViewController.swift in Sources */,
				87807069286AAF69009DC0F9 /* AppDelegate.swift in Sources */,
				8780707F286AB07A009DC0F9 /* ImageViewController.swift in Sources */,
				8780706B286AAF69009DC0F9 /* SceneDelegate.swift in Sources */,
				87807085286ABF24009DC0F9 /* PageController.swift in Sources */,
			);
			runOnlyForDeploymentPostprocessing = 0;
		};
/* End PBXSourcesBuildPhase section */

/* Begin PBXVariantGroup section */
		8780706E286AAF69009DC0F9 /* Main.storyboard */ = {
			isa = PBXVariantGroup;
			children = (
				8780706F286AAF69009DC0F9 /* Base */,
			);
			name = Main.storyboard;
			sourceTree = "<group>";
		};
		87807073286AAF6B009DC0F9 /* LaunchScreen.storyboard */ = {
			isa = PBXVariantGroup;
			children = (
				87807074286AAF6B009DC0F9 /* Base */,
			);
			name = LaunchScreen.storyboard;
			sourceTree = "<group>";
		};
/* End PBXVariantGroup section */

/* Begin XCBuildConfiguration section */
		87807077286AAF6B009DC0F9 /* Debug */ = {
			isa = XCBuildConfiguration;
			buildSettings = {
				ALWAYS_SEARCH_USER_PATHS = NO;
				CLANG_ANALYZER_NONNULL = YES;
				CLANG_ANALYZER_NUMBER_OBJECT_CONVERSION = YES_AGGRESSIVE;
				CLANG_CXX_LANGUAGE_STANDARD = "gnu++17";
				CLANG_ENABLE_MODULES = YES;
				CLANG_ENABLE_OBJC_ARC = YES;
				CLANG_ENABLE_OBJC_WEAK = YES;
				CLANG_WARN_BLOCK_CAPTURE_AUTORELEASING = YES;
				CLANG_WARN_BOOL_CONVERSION = YES;
				CLANG_WARN_COMMA = YES;
				CLANG_WARN_CONSTANT_CONVERSION = YES;
				CLANG_WARN_DEPRECATED_OBJC_IMPLEMENTATIONS = YES;
				CLANG_WARN_DIRECT_OBJC_ISA_USAGE = YES_ERROR;
				CLANG_WARN_DOCUMENTATION_COMMENTS = YES;
				CLANG_WARN_EMPTY_BODY = YES;
				CLANG_WARN_ENUM_CONVERSION = YES;
				CLANG_WARN_INFINITE_RECURSION = YES;
				CLANG_WARN_INT_CONVERSION = YES;
				CLANG_WARN_NON_LITERAL_NULL_CONVERSION = YES;
				CLANG_WARN_OBJC_IMPLICIT_RETAIN_SELF = YES;
				CLANG_WARN_OBJC_LITERAL_CONVERSION = YES;
				CLANG_WARN_OBJC_ROOT_CLASS = YES_ERROR;
				CLANG_WARN_QUOTED_INCLUDE_IN_FRAMEWORK_HEADER = YES;
				CLANG_WARN_RANGE_LOOP_ANALYSIS = YES;
				CLANG_WARN_STRICT_PROTOTYPES = YES;
				CLANG_WARN_SUSPICIOUS_MOVE = YES;
				CLANG_WARN_UNGUARDED_AVAILABILITY = YES_AGGRESSIVE;
				CLANG_WARN_UNREACHABLE_CODE = YES;
				CLANG_WARN__DUPLICATE_METHOD_MATCH = YES;
				COPY_PHASE_STRIP = NO;
				DEBUG_INFORMATION_FORMAT = dwarf;
				ENABLE_STRICT_OBJC_MSGSEND = YES;
				ENABLE_TESTABILITY = YES;
				GCC_C_LANGUAGE_STANDARD = gnu11;
				GCC_DYNAMIC_NO_PIC = NO;
				GCC_NO_COMMON_BLOCKS = YES;
				GCC_OPTIMIZATION_LEVEL = 0;
				GCC_PREPROCESSOR_DEFINITIONS = (
					"DEBUG=1",
					"$(inherited)",
				);
				GCC_WARN_64_TO_32_BIT_CONVERSION = YES;
				GCC_WARN_ABOUT_RETURN_TYPE = YES_ERROR;
				GCC_WARN_UNDECLARED_SELECTOR = YES;
				GCC_WARN_UNINITIALIZED_AUTOS = YES_AGGRESSIVE;
				GCC_WARN_UNUSED_FUNCTION = YES;
				GCC_WARN_UNUSED_VARIABLE = YES;
				IPHONEOS_DEPLOYMENT_TARGET = 15.5;
				MTL_ENABLE_DEBUG_INFO = INCLUDE_SOURCE;
				MTL_FAST_MATH = YES;
				ONLY_ACTIVE_ARCH = YES;
				SDKROOT = iphoneos;
				SWIFT_ACTIVE_COMPILATION_CONDITIONS = DEBUG;
				SWIFT_OPTIMIZATION_LEVEL = "-Onone";
			};
			name = Debug;
		};
		87807078286AAF6B009DC0F9 /* Release */ = {
			isa = XCBuildConfiguration;
			buildSettings = {
				ALWAYS_SEARCH_USER_PATHS = NO;
				CLANG_ANALYZER_NONNULL = YES;
				CLANG_ANALYZER_NUMBER_OBJECT_CONVERSION = YES_AGGRESSIVE;
				CLANG_CXX_LANGUAGE_STANDARD = "gnu++17";
				CLANG_ENABLE_MODULES = YES;
				CLANG_ENABLE_OBJC_ARC = YES;
				CLANG_ENABLE_OBJC_WEAK = YES;
				CLANG_WARN_BLOCK_CAPTURE_AUTORELEASING = YES;
				CLANG_WARN_BOOL_CONVERSION = YES;
				CLANG_WARN_COMMA = YES;
				CLANG_WARN_CONSTANT_CONVERSION = YES;
				CLANG_WARN_DEPRECATED_OBJC_IMPLEMENTATIONS = YES;
				CLANG_WARN_DIRECT_OBJC_ISA_USAGE = YES_ERROR;
				CLANG_WARN_DOCUMENTATION_COMMENTS = YES;
				CLANG_WARN_EMPTY_BODY = YES;
				CLANG_WARN_ENUM_CONVERSION = YES;
				CLANG_WARN_INFINITE_RECURSION = YES;
				CLANG_WARN_INT_CONVERSION = YES;
				CLANG_WARN_NON_LITERAL_NULL_CONVERSION = YES;
				CLANG_WARN_OBJC_IMPLICIT_RETAIN_SELF = YES;
				CLANG_WARN_OBJC_LITERAL_CONVERSION = YES;
				CLANG_WARN_OBJC_ROOT_CLASS = YES_ERROR;
				CLANG_WARN_QUOTED_INCLUDE_IN_FRAMEWORK_HEADER = YES;
				CLANG_WARN_RANGE_LOOP_ANALYSIS = YES;
				CLANG_WARN_STRICT_PROTOTYPES = YES;
				CLANG_WARN_SUSPICIOUS_MOVE = YES;
				CLANG_WARN_UNGUARDED_AVAILABILITY = YES_AGGRESSIVE;
				CLANG_WARN_UNREACHABLE_CODE = YES;
				CLANG_WARN__DUPLICATE_METHOD_MATCH = YES;
				COPY_PHASE_STRIP = NO;
				DEBUG_INFORMATION_FORMAT = "dwarf-with-dsym";
				ENABLE_NS_ASSERTIONS = NO;
				ENABLE_STRICT_OBJC_MSGSEND = YES;
				GCC_C_LANGUAGE_STANDARD = gnu11;
				GCC_NO_COMMON_BLOCKS = YES;
				GCC_WARN_64_TO_32_BIT_CONVERSION = YES;
				GCC_WARN_ABOUT_RETURN_TYPE = YES_ERROR;
				GCC_WARN_UNDECLARED_SELECTOR = YES;
				GCC_WARN_UNINITIALIZED_AUTOS = YES_AGGRESSIVE;
				GCC_WARN_UNUSED_FUNCTION = YES;
				GCC_WARN_UNUSED_VARIABLE = YES;
				IPHONEOS_DEPLOYMENT_TARGET = 15.5;
				MTL_ENABLE_DEBUG_INFO = NO;
				MTL_FAST_MATH = YES;
				SDKROOT = iphoneos;
				SWIFT_COMPILATION_MODE = wholemodule;
				SWIFT_OPTIMIZATION_LEVEL = "-O";
				VALIDATE_PRODUCT = YES;
			};
			name = Release;
		};
		8780707A286AAF6B009DC0F9 /* Debug */ = {
			isa = XCBuildConfiguration;
			buildSettings = {
				ASSETCATALOG_COMPILER_APPICON_NAME = AppIcon;
				ASSETCATALOG_COMPILER_GLOBAL_ACCENT_COLOR_NAME = AccentColor;
				CODE_SIGN_STYLE = Automatic;
				CURRENT_PROJECT_VERSION = 1;
				GENERATE_INFOPLIST_FILE = YES;
				INFOPLIST_FILE = Tab/Info.plist;
				INFOPLIST_KEY_UIApplicationSupportsIndirectInputEvents = YES;
				INFOPLIST_KEY_UILaunchStoryboardName = LaunchScreen;
				INFOPLIST_KEY_UIMainStoryboardFile = Main;
				INFOPLIST_KEY_UISupportedInterfaceOrientations_iPad = "UIInterfaceOrientationPortrait UIInterfaceOrientationPortraitUpsideDown UIInterfaceOrientationLandscapeLeft UIInterfaceOrientationLandscapeRight";
				INFOPLIST_KEY_UISupportedInterfaceOrientations_iPhone = "UIInterfaceOrientationPortrait UIInterfaceOrientationLandscapeLeft UIInterfaceOrientationLandscapeRight";
				LD_RUNPATH_SEARCH_PATHS = (
					"$(inherited)",
					"@executable_path/Frameworks",
				);
				MARKETING_VERSION = 1.0;
				PRODUCT_BUNDLE_IDENTIFIER = com.choiyuna.day5.Tab;
				PRODUCT_NAME = "$(TARGET_NAME)";
				SWIFT_EMIT_LOC_STRINGS = YES;
				SWIFT_VERSION = 5.0;
				TARGETED_DEVICE_FAMILY = "1,2";
			};
			name = Debug;
		};
		8780707B286AAF6B009DC0F9 /* Release */ = {
			isa = XCBuildConfiguration;
			buildSettings = {
				ASSETCATALOG_COMPILER_APPICON_NAME = AppIcon;
				ASSETCATALOG_COMPILER_GLOBAL_ACCENT_COLOR_NAME = AccentColor;
				CODE_SIGN_STYLE = Automatic;
				CURRENT_PROJECT_VERSION = 1;
				GENERATE_INFOPLIST_FILE = YES;
				INFOPLIST_FILE = Tab/Info.plist;
				INFOPLIST_KEY_UIApplicationSupportsIndirectInputEvents = YES;
				INFOPLIST_KEY_UILaunchStoryboardName = LaunchScreen;
				INFOPLIST_KEY_UIMainStoryboardFile = Main;
				INFOPLIST_KEY_UISupportedInterfaceOrientations_iPad = "UIInterfaceOrientationPortrait UIInterfaceOrientationPortraitUpsideDown UIInterfaceOrientationLandscapeLeft UIInterfaceOrientationLandscapeRight";
				INFOPLIST_KEY_UISupportedInterfaceOrientations_iPhone = "UIInterfaceOrientationPortrait UIInterfaceOrientationLandscapeLeft UIInterfaceOrientationLandscapeRight";
				LD_RUNPATH_SEARCH_PATHS = (
					"$(inherited)",
					"@executable_path/Frameworks",
				);
				MARKETING_VERSION = 1.0;
				PRODUCT_BUNDLE_IDENTIFIER = com.choiyuna.day5.Tab;
				PRODUCT_NAME = "$(TARGET_NAME)";
				SWIFT_EMIT_LOC_STRINGS = YES;
				SWIFT_VERSION = 5.0;
				TARGETED_DEVICE_FAMILY = "1,2";
			};
			name = Release;
		};
/* End XCBuildConfiguration section */

/* Begin XCConfigurationList section */
		87807060286AAF69009DC0F9 /* Build configuration list for PBXProject "Tab" */ = {
			isa = XCConfigurationList;
			buildConfigurations = (
				87807077286AAF6B009DC0F9 /* Debug */,
				87807078286AAF6B009DC0F9 /* Release */,
			);
			defaultConfigurationIsVisible = 0;
			defaultConfigurationName = Release;
		};
		87807079286AAF6B009DC0F9 /* Build configuration list for PBXNativeTarget "Tab" */ = {
			isa = XCConfigurationList;
			buildConfigurations = (
				8780707A286AAF6B009DC0F9 /* Debug */,
				8780707B286AAF6B009DC0F9 /* Release */,
			);
			defaultConfigurationIsVisible = 0;
			defaultConfigurationName = Release;
		};
/* End XCConfigurationList section */
	};
	rootObject = 8780705D286AAF69009DC0F9 /* Project object */;
}
